
Microsoft Visual Studio Solution File, Format Version 12.00
# Visual Studio Version 17
VisualStudioVersion = 17.4.33205.214
MinimumVisualStudioVersion = 10.0.40219.1
Project("{9A19103F-16F7-4668-BE54-9A1E7A4F7556}") = "ToF_Fishing_Bot", "ToF_Fishing_Bot\ToF_Fishing_Bot.csproj", "{2A719887-EE19-4FCC-99B1-47D4A615651A}"
EndProject
Project("{FAE04EC0-301F-11D3-BF4B-00C04F79EFBC}") = "WindowsInput", "..\inputsimulator\WindowsInput\WindowsInput.csproj", "{3549CD6F-80F8-450F-B99E-CF0A736B1F2A}"
EndProject
Global
	GlobalSection(SolutionConfigurationPlatforms) = preSolution
		Debug|Any CPU = Debug|Any CPU
		Release|Any CPU = Release|Any CPU
	EndGlobalSection
	GlobalSection(ProjectConfigurationPlatforms) = postSolution
		{2A719887-EE19-4FCC-99B1-47D4A615651A}.Debug|Any CPU.ActiveCfg = Debug|Any CPU
		{2A719887-EE19-4FCC-99B1-47D4A615651A}.Debug|Any CPU.Build.0 = Debug|Any CPU
		{2A719887-EE19-4FCC-99B1-47D4A615651A}.Release|Any CPU.ActiveCfg = Release|Any CPU
		{2A719887-EE19-4FCC-99B1-47D4A615651A}.Release|Any CPU.Build.0 = Release|Any CPU
		{3549CD6F-80F8-450F-B99E-CF0A736B1F2A}.Debug|Any CPU.ActiveCfg = Debug|Any CPU
		{3549CD6F-80F8-450F-B99E-CF0A736B1F2A}.Debug|Any CPU.Build.0 = Debug|Any CPU
		{3549CD6F-80F8-450F-B99E-CF0A736B1F2A}.Release|Any CPU.ActiveCfg = Release|Any CPU
		{3549CD6F-80F8-450F-B99E-CF0A736B1F2A}.Release|Any CPU.Build.0 = Release|Any CPU
	EndGlobalSection
	GlobalSection(SolutionProperties) = preSolution
		HideSolutionNode = FALSE
	EndGlobalSection
	GlobalSection(ExtensibilityGlobals) = postSolution
		SolutionGuid = {21101C4D-5C9A-4716-B9C8-A7D347DAACAD}
	EndGlobalSection
EndGlobal
